
Microsoft Visual Studio Solution File, Format Version 12.00
# Visual Studio Version 16
VisualStudioVersion = 16.0.29318.209
MinimumVisualStudioVersion = 10.0.40219.1
Project("{9A19103F-16F7-4668-BE54-9A1E7A4F7556}") = "LMSbackend", "KokazGoodsTransfer\LMSbackend.csproj", "{347094D5-A8A1-4770-AD66-44209DBED4B8}"
EndProject
Global
	GlobalSection(SolutionConfigurationPlatforms) = preSolution
		Debug|Any CPU = Debug|Any CPU
		Release|Any CPU = Release|Any CPU
	EndGlobalSection
	GlobalSection(ProjectConfigurationPlatforms) = postSolution
		{347094D5-A8A1-4770-AD66-44209DBED4B8}.Debug|Any CPU.ActiveCfg = Debug|Any CPU
		{347094D5-A8A1-4770-AD66-44209DBED4B8}.Debug|Any CPU.Build.0 = Debug|Any CPU
		{347094D5-A8A1-4770-AD66-44209DBED4B8}.Release|Any CPU.ActiveCfg = Release|Any CPU
		{347094D5-A8A1-4770-AD66-44209DBED4B8}.Release|Any CPU.Build.0 = Release|Any CPU
	EndGlobalSection
	GlobalSection(SolutionProperties) = preSolution
		HideSolutionNode = FALSE
	EndGlobalSection
	GlobalSection(ExtensibilityGlobals) = postSolution
		SolutionGuid = {D85A5416-98D1-42AC-A937-66FA7583EFC0}
	EndGlobalSection
EndGlobal
